
Microsoft Visual Studio Solution File, Format Version 12.00
# Visual Studio Version 17
VisualStudioVersion = 17.14.37314.3 d17.14
MinimumVisualStudioVersion = 10.0.40219.1
Project("{FAE04EC0-301F-11D3-BF4B-00C04F79EFBC}") = "PatientPortal", "PatientPortal\PatientPortal.csproj", "{378EC6EF-B58B-4416-81F1-28D9F721D87F}"
EndProject
Global
	GlobalSection(SolutionConfigurationPlatforms) = preSolution
		Debug|Any CPU = Debug|Any CPU
		Release|Any CPU = Release|Any CPU
	EndGlobalSection
	GlobalSection(ProjectConfigurationPlatforms) = postSolution
		{378EC6EF-B58B-4416-81F1-28D9F721D87F}.Debug|Any CPU.ActiveCfg = Debug|Any CPU
		{378EC6EF-B58B-4416-81F1-28D9F721D87F}.Debug|Any CPU.Build.0 = Debug|Any CPU
		{378EC6EF-B58B-4416-81F1-28D9F721D87F}.Release|Any CPU.ActiveCfg = Release|Any CPU
		{378EC6EF-B58B-4416-81F1-28D9F721D87F}.Release|Any CPU.Build.0 = Release|Any CPU
	EndGlobalSection
	GlobalSection(SolutionProperties) = preSolution
		HideSolutionNode = FALSE
	EndGlobalSection
	GlobalSection(ExtensibilityGlobals) = postSolution
		SolutionGuid = {D233B8BB-8283-458C-BC55-D269E18B220E}
	EndGlobalSection
EndGlobal
