
Microsoft Visual Studio Solution File, Format Version 12.00
# Visual Studio Version 17
VisualStudioVersion = 17.14.37314.3 d17.14
MinimumVisualStudioVersion = 10.0.40219.1
Project("{FAE04EC0-301F-11D3-BF4B-00C04F79EFBC}") = "CareBridge.EFcoreDemo", "CareBridge.EFcoreDemo\CareBridge.EFcoreDemo.csproj", "{1AE2E8E5-E29F-4542-AF20-6D026496F00E}"
EndProject
Project("{FAE04EC0-301F-11D3-BF4B-00C04F79EFBC}") = "CareBridge.Api", "CareBridge.Api\CareBridge.Api.csproj", "{0EFCFA27-D572-4795-8740-E64A6D6E02EF}"
EndProject
Global
	GlobalSection(SolutionConfigurationPlatforms) = preSolution
		Debug|Any CPU = Debug|Any CPU
		Release|Any CPU = Release|Any CPU
	EndGlobalSection
	GlobalSection(ProjectConfigurationPlatforms) = postSolution
		{1AE2E8E5-E29F-4542-AF20-6D026496F00E}.Debug|Any CPU.ActiveCfg = Debug|Any CPU
		{1AE2E8E5-E29F-4542-AF20-6D026496F00E}.Debug|Any CPU.Build.0 = Debug|Any CPU
		{1AE2E8E5-E29F-4542-AF20-6D026496F00E}.Release|Any CPU.ActiveCfg = Release|Any CPU
		{1AE2E8E5-E29F-4542-AF20-6D026496F00E}.Release|Any CPU.Build.0 = Release|Any CPU
		{0EFCFA27-D572-4795-8740-E64A6D6E02EF}.Debug|Any CPU.ActiveCfg = Debug|Any CPU
		{0EFCFA27-D572-4795-8740-E64A6D6E02EF}.Debug|Any CPU.Build.0 = Debug|Any CPU
		{0EFCFA27-D572-4795-8740-E64A6D6E02EF}.Release|Any CPU.ActiveCfg = Release|Any CPU
		{0EFCFA27-D572-4795-8740-E64A6D6E02EF}.Release|Any CPU.Build.0 = Release|Any CPU
	EndGlobalSection
	GlobalSection(SolutionProperties) = preSolution
		HideSolutionNode = FALSE
	EndGlobalSection
	GlobalSection(ExtensibilityGlobals) = postSolution
		SolutionGuid = {A6AC8B2F-F5C6-45AA-B76D-CA8E73FA0E15}
	EndGlobalSection
EndGlobal
