
Microsoft Visual Studio Solution File, Format Version 12.00
# Visual Studio Version 17
VisualStudioVersion = 17.14.37314.3 d17.14
MinimumVisualStudioVersion = 10.0.40219.1
Project("{FAE04EC0-301F-11D3-BF4B-00C04F79EFBC}") = "CareBridge.PerformanceLab", "CareBridge.PerformanceLab\CareBridge.PerformanceLab.csproj", "{3EAE0791-30AC-4DFF-B7EA-281842EA9510}"
EndProject
Global
	GlobalSection(SolutionConfigurationPlatforms) = preSolution
		Debug|Any CPU = Debug|Any CPU
		Release|Any CPU = Release|Any CPU
	EndGlobalSection
	GlobalSection(ProjectConfigurationPlatforms) = postSolution
		{3EAE0791-30AC-4DFF-B7EA-281842EA9510}.Debug|Any CPU.ActiveCfg = Debug|Any CPU
		{3EAE0791-30AC-4DFF-B7EA-281842EA9510}.Debug|Any CPU.Build.0 = Debug|Any CPU
		{3EAE0791-30AC-4DFF-B7EA-281842EA9510}.Release|Any CPU.ActiveCfg = Release|Any CPU
		{3EAE0791-30AC-4DFF-B7EA-281842EA9510}.Release|Any CPU.Build.0 = Release|Any CPU
	EndGlobalSection
	GlobalSection(SolutionProperties) = preSolution
		HideSolutionNode = FALSE
	EndGlobalSection
	GlobalSection(ExtensibilityGlobals) = postSolution
		SolutionGuid = {D705C082-F7ED-47D9-AD0B-C1D45E0121A1}
	EndGlobalSection
EndGlobal
