
Microsoft Visual Studio Solution File, Format Version 12.00
# Visual Studio Version 17
VisualStudioVersion = 17.14.37314.3 d17.14
MinimumVisualStudioVersion = 10.0.40219.1
Project("{FAE04EC0-301F-11D3-BF4B-00C04F79EFBC}") = "CareBridge.InsuranceService.Api", "CareBridge.InsuranceService.Api\CareBridge.InsuranceService.Api.csproj", "{3DB3B843-7CE4-4E82-9B76-50B96CF9965B}"
EndProject
Project("{FAE04EC0-301F-11D3-BF4B-00C04F79EFBC}") = "CareBridge.Api", "CareBridge.Api\CareBridge.Api.csproj", "{8DDD11B1-C58E-4F2E-B76D-D774E00E2727}"
EndProject
Global
	GlobalSection(SolutionConfigurationPlatforms) = preSolution
		Debug|Any CPU = Debug|Any CPU
		Release|Any CPU = Release|Any CPU
	EndGlobalSection
	GlobalSection(ProjectConfigurationPlatforms) = postSolution
		{3DB3B843-7CE4-4E82-9B76-50B96CF9965B}.Debug|Any CPU.ActiveCfg = Debug|Any CPU
		{3DB3B843-7CE4-4E82-9B76-50B96CF9965B}.Debug|Any CPU.Build.0 = Debug|Any CPU
		{3DB3B843-7CE4-4E82-9B76-50B96CF9965B}.Release|Any CPU.ActiveCfg = Release|Any CPU
		{3DB3B843-7CE4-4E82-9B76-50B96CF9965B}.Release|Any CPU.Build.0 = Release|Any CPU
		{8DDD11B1-C58E-4F2E-B76D-D774E00E2727}.Debug|Any CPU.ActiveCfg = Debug|Any CPU
		{8DDD11B1-C58E-4F2E-B76D-D774E00E2727}.Debug|Any CPU.Build.0 = Debug|Any CPU
		{8DDD11B1-C58E-4F2E-B76D-D774E00E2727}.Release|Any CPU.ActiveCfg = Release|Any CPU
		{8DDD11B1-C58E-4F2E-B76D-D774E00E2727}.Release|Any CPU.Build.0 = Release|Any CPU
	EndGlobalSection
	GlobalSection(SolutionProperties) = preSolution
		HideSolutionNode = FALSE
	EndGlobalSection
	GlobalSection(ExtensibilityGlobals) = postSolution
		SolutionGuid = {58CCBD4C-A823-4DF7-9136-E2C31E92C1CD}
	EndGlobalSection
EndGlobal
